
Microsoft Visual Studio Solution File, Format Version 12.00
# Visual Studio Version 16
VisualStudioVersion = 16.0.29009.5
MinimumVisualStudioVersion = 10.0.40219.1
Project("{FAE04EC0-301F-11D3-BF4B-00C04F79EFBC}") = "Behavior_Control_Advanced_Twitter_Recognition", "Behavior_Control_Advanced_Twitter\Behavior_Control_Advanced_Twitter_Recognition.csproj", "{9B2103E2-4260-45F7-9A99-442A87A997BB}"
EndProject
Global
	GlobalSection(SolutionConfigurationPlatforms) = preSolution
		Debug|Any CPU = Debug|Any CPU
		Release|Any CPU = Release|Any CPU
	EndGlobalSection
	GlobalSection(ProjectConfigurationPlatforms) = postSolution
		{9B2103E2-4260-45F7-9A99-442A87A997BB}.Debug|Any CPU.ActiveCfg = Debug|Any CPU
		{9B2103E2-4260-45F7-9A99-442A87A997BB}.Debug|Any CPU.Build.0 = Debug|Any CPU
		{9B2103E2-4260-45F7-9A99-442A87A997BB}.Release|Any CPU.ActiveCfg = Release|Any CPU
		{9B2103E2-4260-45F7-9A99-442A87A997BB}.Release|Any CPU.Build.0 = Release|Any CPU
	EndGlobalSection
	GlobalSection(SolutionProperties) = preSolution
		HideSolutionNode = FALSE
	EndGlobalSection
	GlobalSection(ExtensibilityGlobals) = postSolution
		SolutionGuid = {31094BE5-07BF-4412-8FDE-FEA6A52947B9}
	EndGlobalSection
EndGlobal
